
Microsoft Visual Studio Solution File, Format Version 12.00
# Visual Studio Version 16
VisualStudioVersion = 16.0.30011.22
MinimumVisualStudioVersion = 10.0.40219.1
Project("{FAE04EC0-301F-11D3-BF4B-00C04F79EFBC}") = "HR_Alpha_v0.2", "HR_Alpha_v0.2\HR_Alpha_v0.2.csproj", "{1F115E35-1100-46F4-BF57-3B3E521D61BE}"
EndProject
Global
	GlobalSection(SolutionConfigurationPlatforms) = preSolution
		Debug|Any CPU = Debug|Any CPU
		Release|Any CPU = Release|Any CPU
	EndGlobalSection
	GlobalSection(ProjectConfigurationPlatforms) = postSolution
		{1F115E35-1100-46F4-BF57-3B3E521D61BE}.Debug|Any CPU.ActiveCfg = Debug|Any CPU
		{1F115E35-1100-46F4-BF57-3B3E521D61BE}.Debug|Any CPU.Build.0 = Debug|Any CPU
		{1F115E35-1100-46F4-BF57-3B3E521D61BE}.Release|Any CPU.ActiveCfg = Release|Any CPU
		{1F115E35-1100-46F4-BF57-3B3E521D61BE}.Release|Any CPU.Build.0 = Release|Any CPU
	EndGlobalSection
	GlobalSection(SolutionProperties) = preSolution
		HideSolutionNode = FALSE
	EndGlobalSection
	GlobalSection(ExtensibilityGlobals) = postSolution
		SolutionGuid = {25654951-FAC3-4AED-B063-3F880A9C2287}
	EndGlobalSection
EndGlobal
